
Microsoft Visual Studio Solution File, Format Version 12.00
# Visual Studio Version 16
VisualStudioVersion = 16.0.30413.136
MinimumVisualStudioVersion = 10.0.40219.1
Project("{FAE04EC0-301F-11D3-BF4B-00C04F79EFBC}") = "FoodAppServer", "FoodAppServer.csproj", "{ECAD01AE-708D-435E-8691-6F78A3ACD87C}"
EndProject
Global
	GlobalSection(SolutionConfigurationPlatforms) = preSolution
		Debug|Any CPU = Debug|Any CPU
		Release|Any CPU = Release|Any CPU
	EndGlobalSection
	GlobalSection(ProjectConfigurationPlatforms) = postSolution
		{ECAD01AE-708D-435E-8691-6F78A3ACD87C}.Debug|Any CPU.ActiveCfg = Debug|Any CPU
		{ECAD01AE-708D-435E-8691-6F78A3ACD87C}.Debug|Any CPU.Build.0 = Debug|Any CPU
		{ECAD01AE-708D-435E-8691-6F78A3ACD87C}.Release|Any CPU.ActiveCfg = Release|Any CPU
		{ECAD01AE-708D-435E-8691-6F78A3ACD87C}.Release|Any CPU.Build.0 = Release|Any CPU
	EndGlobalSection
	GlobalSection(SolutionProperties) = preSolution
		HideSolutionNode = FALSE
	EndGlobalSection
	GlobalSection(ExtensibilityGlobals) = postSolution
		SolutionGuid = {89A362DC-79F4-4A75-8609-289D6B66A556}
	EndGlobalSection
EndGlobal
